# This file is automatically @generated by Cargo.
# It is not intended for manual editing.
version = 4

[[package]]
name = "token-station-cli"
version = "0.1.0"
dependencies = [
 "token-station-protocol",
 "token-station-router-core",
]

[[package]]
name = "token-station-conformance"
version = "0.1.0"
dependencies = [
 "token-station-plugin-api",
]

[[package]]
name = "token-station-metrics"
version = "0.1.0"

[[package]]
name = "token-station-plugin-api"
version = "0.1.0"

[[package]]
name = "token-station-plugin-runtime"
version = "0.1.0"
dependencies = [
 "token-station-plugin-api",
]

[[package]]
name = "token-station-protocol"
version = "0.1.0"

[[package]]
name = "token-station-router-core"
version = "0.1.0"
dependencies = [
 "token-station-protocol",
]
